// !$*UTF8*$!
{
	archiveVersion = 1;
	classes = {
	};
	objectVersion = 46;
	objects = {

/* Begin PBXBuildFile section */
		521559691C1041E500A05DF3 /* main.m in Sources */ = {isa = PBXBuildFile; fileRef = 521559681C1041E500A05DF3 /* main.m */; };
		5215596C1C1041E500A05DF3 /* AppDelegate.m in Sources */ = {isa = PBXBuildFile; fileRef = 5215596B1C1041E500A05DF3 /* AppDelegate.m */; };
		5215596F1C1041E500A05DF3 /* ViewController.m in Sources */ = {isa = PBXBuildFile; fileRef = 5215596E1C1041E500A05DF3 /* ViewController.m */; };
		521559721C1041E500A05DF3 /* Main.storyboard in Resources */ = {isa = PBXBuildFile; fileRef = 521559701C1041E500A05DF3 /* Main.storyboard */; };
		521559741C1041E500A05DF3 /* Assets.xcassets in Resources */ = {isa = PBXBuildFile; fileRef = 521559731C1041E500A05DF3 /* Assets.xcassets */; };
		521559771C1041E500A05DF3 /* LaunchScreen.storyboard in Resources */ = {isa = PBXBuildFile; fileRef = 521559751C1041E500A05DF3 /* LaunchScreen.storyboard */; };
		521559821C1041E500A05DF3 /* ZFCalendarTests.m in Sources */ = {isa = PBXBuildFile; fileRef = 521559811C1041E500A05DF3 /* ZFCalendarTests.m */; };
		5215598D1C1041E500A05DF3 /* ZFCalendarUITests.m in Sources */ = {isa = PBXBuildFile; fileRef = 5215598C1C1041E500A05DF3 /* ZFCalendarUITests.m */; };
		521559AD1C104D1800A05DF3 /* CalendarDayCell.m in Sources */ = {isa = PBXBuildFile; fileRef = 5215599C1C104D1800A05DF3 /* CalendarDayCell.m */; };
		521559AE1C104D1800A05DF3 /* CalendarDayModel.m in Sources */ = {isa = PBXBuildFile; fileRef = 5215599E1C104D1800A05DF3 /* CalendarDayModel.m */; };
		521559AF1C104D1800A05DF3 /* CalendarHomeViewController.m in Sources */ = {isa = PBXBuildFile; fileRef = 521559A01C104D1800A05DF3 /* CalendarHomeViewController.m */; };
		521559B01C104D1800A05DF3 /* CalendarLogic.m in Sources */ = {isa = PBXBuildFile; fileRef = 521559A21C104D1800A05DF3 /* CalendarLogic.m */; };
		521559B11C104D1800A05DF3 /* CalendarMonthCollectionViewLayout.m in Sources */ = {isa = PBXBuildFile; fileRef = 521559A41C104D1800A05DF3 /* CalendarMonthCollectionViewLayout.m */; };
		521559B21C104D1800A05DF3 /* CalendarMonthHeaderView.m in Sources */ = {isa = PBXBuildFile; fileRef = 521559A61C104D1800A05DF3 /* CalendarMonthHeaderView.m */; };
		521559B31C104D1800A05DF3 /* CalendarViewController.m in Sources */ = {isa = PBXBuildFile; fileRef = 521559A81C104D1800A05DF3 /* CalendarViewController.m */; };
		521559B41C104D1800A05DF3 /* chack.png in Resources */ = {isa = PBXBuildFile; fileRef = 521559A91C104D1800A05DF3 /* chack.png */; };
		521559B51C104D1800A05DF3 /* NSDate+WQCalendarLogic.m in Sources */ = {isa = PBXBuildFile; fileRef = 521559AC1C104D1800A05DF3 /* NSDate+WQCalendarLogic.m */; };
/* End PBXBuildFile section */

/* Begin PBXContainerItemProxy section */
		5215597E1C1041E500A05DF3 /* PBXContainerItemProxy */ = {
			isa = PBXContainerItemProxy;
			containerPortal = 5215595C1C1041E500A05DF3 /* Project object */;
			proxyType = 1;
			remoteGlobalIDString = 521559631C1041E500A05DF3;
			remoteInfo = ZFCalendar;
		};
		521559891C1041E500A05DF3 /* PBXContainerItemProxy */ = {
			isa = PBXContainerItemProxy;
			containerPortal = 5215595C1C1041E500A05DF3 /* Project object */;
			proxyType = 1;
			remoteGlobalIDString = 521559631C1041E500A05DF3;
			remoteInfo = ZFCalendar;
		};
/* End PBXContainerItemProxy section */

/* Begin PBXFileReference section */
		521559641C1041E500A05DF3 /* ZFCalendar.app */ = {isa = PBXFileReference; explicitFileType = wrapper.application; includeInIndex = 0; path = ZFCalendar.app; sourceTree = BUILT_PRODUCTS_DIR; };
		521559681C1041E500A05DF3 /* main.m */ = {isa = PBXFileReference; lastKnownFileType = sourcecode.c.objc; path = main.m; sourceTree = "<group>"; };
		5215596A1C1041E500A05DF3 /* AppDelegate.h */ = {isa = PBXFileReference; lastKnownFileType = sourcecode.c.h; path = AppDelegate.h; sourceTree = "<group>"; };
		5215596B1C1041E500A05DF3 /* AppDelegate.m */ = {isa = PBXFileReference; lastKnownFileType = sourcecode.c.objc; path = AppDelegate.m; sourceTree = "<group>"; };
		5215596D1C1041E500A05DF3 /* ViewController.h */ = {isa = PBXFileReference; lastKnownFileType = sourcecode.c.h; path = ViewController.h; sourceTree = "<group>"; };
		5215596E1C1041E500A05DF3 /* ViewController.m */ = {isa = PBXFileReference; lastKnownFileType = sourcecode.c.objc; path = ViewController.m; sourceTree = "<group>"; };
		521559711C1041E500A05DF3 /* Base */ = {isa = PBXFileReference; lastKnownFileType = file.storyboard; name = Base; path = Base.lproj/Main.storyboard; sourceTree = "<group>"; };
		521559731C1041E500A05DF3 /* Assets.xcassets */ = {isa = PBXFileReference; lastKnownFileType = folder.assetcatalog; path = Assets.xcassets; sourceTree = "<group>"; };
		521559761C1041E500A05DF3 /* Base */ = {isa = PBXFileReference; lastKnownFileType = file.storyboard; name = Base; path = Base.lproj/LaunchScreen.storyboard; sourceTree = "<group>"; };
		521559781C1041E500A05DF3 /* Info.plist */ = {isa = PBXFileReference; lastKnownFileType = text.plist.xml; path = Info.plist; sourceTree = "<group>"; };
		5215597D1C1041E500A05DF3 /* ZFCalendarTests.xctest */ = {isa = PBXFileReference; explicitFileType = wrapper.cfbundle; includeInIndex = 0; path = ZFCalendarTests.xctest; sourceTree = BUILT_PRODUCTS_DIR; };
		521559811C1041E500A05DF3 /* ZFCalendarTests.m */ = {isa = PBXFileReference; lastKnownFileType = sourcecode.c.objc; path = ZFCalendarTests.m; sourceTree = "<group>"; };
		521559831C1041E500A05DF3 /* Info.plist */ = {isa = PBXFileReference; lastKnownFileType = text.plist.xml; path = Info.plist; sourceTree = "<group>"; };
		521559881C1041E500A05DF3 /* ZFCalendarUITests.xctest */ = {isa = PBXFileReference; explicitFileType = wrapper.cfbundle; includeInIndex = 0; path = ZFCalendarUITests.xctest; sourceTree = BUILT_PRODUCTS_DIR; };
		5215598C1C1041E500A05DF3 /* ZFCalendarUITests.m */ = {isa = PBXFileReference; lastKnownFileType = sourcecode.c.objc; path = ZFCalendarUITests.m; sourceTree = "<group>"; };
		5215598E1C1041E500A05DF3 /* Info.plist */ = {isa = PBXFileReference; lastKnownFileType = text.plist.xml; path = Info.plist; sourceTree = "<group>"; };
		5215599B1C104D1800A05DF3 /* CalendarDayCell.h */ = {isa = PBXFileReference; fileEncoding = 4; lastKnownFileType = sourcecode.c.h; path = CalendarDayCell.h; sourceTree = "<group>"; };
		5215599C1C104D1800A05DF3 /* CalendarDayCell.m */ = {isa = PBXFileReference; fileEncoding = 4; lastKnownFileType = sourcecode.c.objc; path = CalendarDayCell.m; sourceTree = "<group>"; };
		5215599D1C104D1800A05DF3 /* CalendarDayModel.h */ = {isa = PBXFileReference; fileEncoding = 4; lastKnownFileType = sourcecode.c.h; path = CalendarDayModel.h; sourceTree = "<group>"; };
		5215599E1C104D1800A05DF3 /* CalendarDayModel.m */ = {isa = PBXFileReference; fileEncoding = 4; lastKnownFileType = sourcecode.c.objc; path = CalendarDayModel.m; sourceTree = "<group>"; };
		5215599F1C104D1800A05DF3 /* CalendarHomeViewController.h */ = {isa = PBXFileReference; fileEncoding = 4; lastKnownFileType = sourcecode.c.h; path = CalendarHomeViewController.h; sourceTree = "<group>"; };
		521559A01C104D1800A05DF3 /* CalendarHomeViewController.m */ = {isa = PBXFileReference; fileEncoding = 4; lastKnownFileType = sourcecode.c.objc; path = CalendarHomeViewController.m; sourceTree = "<group>"; };
		521559A11C104D1800A05DF3 /* CalendarLogic.h */ = {isa = PBXFileReference; fileEncoding = 4; lastKnownFileType = sourcecode.c.h; path = CalendarLogic.h; sourceTree = "<group>"; };
		521559A21C104D1800A05DF3 /* CalendarLogic.m */ = {isa = PBXFileReference; fileEncoding = 4; lastKnownFileType = sourcecode.c.objc; path = CalendarLogic.m; sourceTree = "<group>"; };
		521559A31C104D1800A05DF3 /* CalendarMonthCollectionViewLayout.h */ = {isa = PBXFileReference; fileEncoding = 4; lastKnownFileType = sourcecode.c.h; path = CalendarMonthCollectionViewLayout.h; sourceTree = "<group>"; };
		521559A41C104D1800A05DF3 /* CalendarMonthCollectionViewLayout.m */ = {isa = PBXFileReference; fileEncoding = 4; lastKnownFileType = sourcecode.c.objc; path = CalendarMonthCollectionViewLayout.m; sourceTree = "<group>"; };
		521559A51C104D1800A05DF3 /* CalendarMonthHeaderView.h */ = {isa = PBXFileReference; fileEncoding = 4; lastKnownFileType = sourcecode.c.h; path = CalendarMonthHeaderView.h; sourceTree = "<group>"; };
		521559A61C104D1800A05DF3 /* CalendarMonthHeaderView.m */ = {isa = PBXFileReference; fileEncoding = 4; lastKnownFileType = sourcecode.c.objc; path = CalendarMonthHeaderView.m; sourceTree = "<group>"; };
		521559A71C104D1800A05DF3 /* CalendarViewController.h */ = {isa = PBXFileReference; fileEncoding = 4; lastKnownFileType = sourcecode.c.h; path = CalendarViewController.h; sourceTree = "<group>"; };
		521559A81C104D1800A05DF3 /* CalendarViewController.m */ = {isa = PBXFileReference; fileEncoding = 4; lastKnownFileType = sourcecode.c.objc; path = CalendarViewController.m; sourceTree = "<group>"; };
		521559A91C104D1800A05DF3 /* chack.png */ = {isa = PBXFileReference; lastKnownFileType = image.png; path = chack.png; sourceTree = "<group>"; };
		521559AA1C104D1800A05DF3 /* Color.h */ = {isa = PBXFileReference; fileEncoding = 4; lastKnownFileType = sourcecode.c.h; path = Color.h; sourceTree = "<group>"; };
		521559AB1C104D1800A05DF3 /* NSDate+WQCalendarLogic.h */ = {isa = PBXFileReference; fileEncoding = 4; lastKnownFileType = sourcecode.c.h; path = "NSDate+WQCalendarLogic.h"; sourceTree = "<group>"; };
		521559AC1C104D1800A05DF3 /* NSDate+WQCalendarLogic.m */ = {isa = PBXFileReference; fileEncoding = 4; lastKnownFileType = sourcecode.c.objc; path = "NSDate+WQCalendarLogic.m"; sourceTree = "<group>"; };
/* End PBXFileReference section */

/* Begin PBXFrameworksBuildPhase section */
		521559611C1041E500A05DF3 /* Frameworks */ = {
			isa = PBXFrameworksBuildPhase;
			buildActionMask = 2147483647;
			files = (
			);
			runOnlyForDeploymentPostprocessing = 0;
		};
		5215597A1C1041E500A05DF3 /* Frameworks */ = {
			isa = PBXFrameworksBuildPhase;
			buildActionMask = 2147483647;
			files = (
			);
			runOnlyForDeploymentPostprocessing = 0;
		};
		521559851C1041E500A05DF3 /* Frameworks */ = {
			isa = PBXFrameworksBuildPhase;
			buildActionMask = 2147483647;
			files = (
			);
			runOnlyForDeploymentPostprocessing = 0;
		};
/* End PBXFrameworksBuildPhase section */

/* Begin PBXGroup section */
		5215595B1C1041E500A05DF3 = {
			isa = PBXGroup;
			children = (
				521559661C1041E500A05DF3 /* ZFCalendar */,
				521559801C1041E500A05DF3 /* ZFCalendarTests */,
				5215598B1C1041E500A05DF3 /* ZFCalendarUITests */,
				521559651C1041E500A05DF3 /* Products */,
			);
			sourceTree = "<group>";
		};
		521559651C1041E500A05DF3 /* Products */ = {
			isa = PBXGroup;
			children = (
				521559641C1041E500A05DF3 /* ZFCalendar.app */,
				5215597D1C1041E500A05DF3 /* ZFCalendarTests.xctest */,
				521559881C1041E500A05DF3 /* ZFCalendarUITests.xctest */,
			);
			name = Products;
			sourceTree = "<group>";
		};
		521559661C1041E500A05DF3 /* ZFCalendar */ = {
			isa = PBXGroup;
			children = (
				5215599A1C104D1800A05DF3 /* KitCalendar */,
				5215596A1C1041E500A05DF3 /* AppDelegate.h */,
				5215596B1C1041E500A05DF3 /* AppDelegate.m */,
				5215596D1C1041E500A05DF3 /* ViewController.h */,
				5215596E1C1041E500A05DF3 /* ViewController.m */,
				521559701C1041E500A05DF3 /* Main.storyboard */,
				521559731C1041E500A05DF3 /* Assets.xcassets */,
				521559751C1041E500A05DF3 /* LaunchScreen.storyboard */,
				521559781C1041E500A05DF3 /* Info.plist */,
				521559671C1041E500A05DF3 /* Supporting Files */,
			);
			path = ZFCalendar;
			sourceTree = "<group>";
		};
		521559671C1041E500A05DF3 /* Supporting Files */ = {
			isa = PBXGroup;
			children = (
				521559681C1041E500A05DF3 /* main.m */,
			);
			name = "Supporting Files";
			sourceTree = "<group>";
		};
		521559801C1041E500A05DF3 /* ZFCalendarTests */ = {
			isa = PBXGroup;
			children = (
				521559811C1041E500A05DF3 /* ZFCalendarTests.m */,
				521559831C1041E500A05DF3 /* Info.plist */,
			);
			path = ZFCalendarTests;
			sourceTree = "<group>";
		};
		5215598B1C1041E500A05DF3 /* ZFCalendarUITests */ = {
			isa = PBXGroup;
			children = (
				5215598C1C1041E500A05DF3 /* ZFCalendarUITests.m */,
				5215598E1C1041E500A05DF3 /* Info.plist */,
			);
			path = ZFCalendarUITests;
			sourceTree = "<group>";
		};
		5215599A1C104D1800A05DF3 /* KitCalendar */ = {
			isa = PBXGroup;
			children = (
				5215599B1C104D1800A05DF3 /* CalendarDayCell.h */,
				5215599C1C104D1800A05DF3 /* CalendarDayCell.m */,
				5215599D1C104D1800A05DF3 /* CalendarDayModel.h */,
				5215599E1C104D1800A05DF3 /* CalendarDayModel.m */,
				5215599F1C104D1800A05DF3 /* CalendarHomeViewController.h */,
				521559A01C104D1800A05DF3 /* CalendarHomeViewController.m */,
				521559A11C104D1800A05DF3 /* CalendarLogic.h */,
				521559A21C104D1800A05DF3 /* CalendarLogic.m */,
				521559A31C104D1800A05DF3 /* CalendarMonthCollectionViewLayout.h */,
				521559A41C104D1800A05DF3 /* CalendarMonthCollectionViewLayout.m */,
				521559A51C104D1800A05DF3 /* CalendarMonthHeaderView.h */,
				521559A61C104D1800A05DF3 /* CalendarMonthHeaderView.m */,
				521559A71C104D1800A05DF3 /* CalendarViewController.h */,
				521559A81C104D1800A05DF3 /* CalendarViewController.m */,
				521559A91C104D1800A05DF3 /* chack.png */,
				521559AA1C104D1800A05DF3 /* Color.h */,
				521559AB1C104D1800A05DF3 /* NSDate+WQCalendarLogic.h */,
				521559AC1C104D1800A05DF3 /* NSDate+WQCalendarLogic.m */,
			);
			path = KitCalendar;
			sourceTree = "<group>";
		};
/* End PBXGroup section */

/* Begin PBXNativeTarget section */
		521559631C1041E500A05DF3 /* ZFCalendar */ = {
			isa = PBXNativeTarget;
			buildConfigurationList = 521559911C1041E500A05DF3 /* Build configuration list for PBXNativeTarget "ZFCalendar" */;
			buildPhases = (
				521559601C1041E500A05DF3 /* Sources */,
				521559611C1041E500A05DF3 /* Frameworks */,
				521559621C1041E500A05DF3 /* Resources */,
			);
			buildRules = (
			);
			dependencies = (
			);
			name = ZFCalendar;
			productName = ZFCalendar;
			productReference = 521559641C1041E500A05DF3 /* ZFCalendar.app */;
			productType = "com.apple.product-type.application";
		};
		5215597C1C1041E500A05DF3 /* ZFCalendarTests */ = {
			isa = PBXNativeTarget;
			buildConfigurationList = 521559941C1041E500A05DF3 /* Build configuration list for PBXNativeTarget "ZFCalendarTests" */;
			buildPhases = (
				521559791C1041E500A05DF3 /* Sources */,
				5215597A1C1041E500A05DF3 /* Frameworks */,
				5215597B1C1041E500A05DF3 /* Resources */,
			);
			buildRules = (
			);
			dependencies = (
				5215597F1C1041E500A05DF3 /* PBXTargetDependency */,
			);
			name = ZFCalendarTests;
			productName = ZFCalendarTests;
			productReference = 5215597D1C1041E500A05DF3 /* ZFCalendarTests.xctest */;
			productType = "com.apple.product-type.bundle.unit-test";
		};
		521559871C1041E500A05DF3 /* ZFCalendarUITests */ = {
			isa = PBXNativeTarget;
			buildConfigurationList = 521559971C1041E500A05DF3 /* Build configuration list for PBXNativeTarget "ZFCalendarUITests" */;
			buildPhases = (
				521559841C1041E500A05DF3 /* Sources */,
				521559851C1041E500A05DF3 /* Frameworks */,
				521559861C1041E500A05DF3 /* Resources */,
			);
			buildRules = (
			);
			dependencies = (
				5215598A1C1041E500A05DF3 /* PBXTargetDependency */,
			);
			name = ZFCalendarUITests;
			productName = ZFCalendarUITests;
			productReference = 521559881C1041E500A05DF3 /* ZFCalendarUITests.xctest */;
			productType = "com.apple.product-type.bundle.ui-testing";
		};
/* End PBXNativeTarget section */

/* Begin PBXProject section */
		5215595C1C1041E500A05DF3 /* Project object */ = {
			isa = PBXProject;
			attributes = {
				LastUpgradeCheck = 0710;
				ORGANIZATIONNAME = "张凡";
				TargetAttributes = {
					521559631C1041E500A05DF3 = {
						CreatedOnToolsVersion = 7.1.1;
					};
					5215597C1C1041E500A05DF3 = {
						CreatedOnToolsVersion = 7.1.1;
						TestTargetID = 521559631C1041E500A05DF3;
					};
					521559871C1041E500A05DF3 = {
						CreatedOnToolsVersion = 7.1.1;
						TestTargetID = 521559631C1041E500A05DF3;
					};
				};
			};
			buildConfigurationList = 5215595F1C1041E500A05DF3 /* Build configuration list for PBXProject "ZFCalendar" */;
			compatibilityVersion = "Xcode 3.2";
			developmentRegion = English;
			hasScannedForEncodings = 0;
			knownRegions = (
				en,
				Base,
			);
			mainGroup = 5215595B1C1041E500A05DF3;
			productRefGroup = 521559651C1041E500A05DF3 /* Products */;
			projectDirPath = "";
			projectRoot = "";
			targets = (
				521559631C1041E500A05DF3 /* ZFCalendar */,
				5215597C1C1041E500A05DF3 /* ZFCalendarTests */,
				521559871C1041E500A05DF3 /* ZFCalendarUITests */,
			);
		};
/* End PBXProject section */

/* Begin PBXResourcesBuildPhase section */
		521559621C1041E500A05DF3 /* Resources */ = {
			isa = PBXResourcesBuildPhase;
			buildActionMask = 2147483647;
			files = (
				521559771C1041E500A05DF3 /* LaunchScreen.storyboard in Resources */,
				521559741C1041E500A05DF3 /* Assets.xcassets in Resources */,
				521559B41C104D1800A05DF3 /* chack.png in Resources */,
				521559721C1041E500A05DF3 /* Main.storyboard in Resources */,
			);
			runOnlyForDeploymentPostprocessing = 0;
		};
		5215597B1C1041E500A05DF3 /* Resources */ = {
			isa = PBXResourcesBuildPhase;
			buildActionMask = 2147483647;
			files = (
			);
			runOnlyForDeploymentPostprocessing = 0;
		};
		521559861C1041E500A05DF3 /* Resources */ = {
			isa = PBXResourcesBuildPhase;
			buildActionMask = 2147483647;
			files = (
			);
			runOnlyForDeploymentPostprocessing = 0;
		};
/* End PBXResourcesBuildPhase section */

/* Begin PBXSourcesBuildPhase section */
		521559601C1041E500A05DF3 /* Sources */ = {
			isa = PBXSourcesBuildPhase;
			buildActionMask = 2147483647;
			files = (
				521559AD1C104D1800A05DF3 /* CalendarDayCell.m in Sources */,
				521559B01C104D1800A05DF3 /* CalendarLogic.m in Sources */,
				521559AE1C104D1800A05DF3 /* CalendarDayModel.m in Sources */,
				521559B11C104D1800A05DF3 /* CalendarMonthCollectionViewLayout.m in Sources */,
				5215596F1C1041E500A05DF3 /* ViewController.m in Sources */,
				5215596C1C1041E500A05DF3 /* AppDelegate.m in Sources */,
				521559691C1041E500A05DF3 /* main.m in Sources */,
				521559B21C104D1800A05DF3 /* CalendarMonthHeaderView.m in Sources */,
				521559B51C104D1800A05DF3 /* NSDate+WQCalendarLogic.m in Sources */,
				521559B31C104D1800A05DF3 /* CalendarViewController.m in Sources */,
				521559AF1C104D1800A05DF3 /* CalendarHomeViewController.m in Sources */,
			);
			runOnlyForDeploymentPostprocessing = 0;
		};
		521559791C1041E500A05DF3 /* Sources */ = {
			isa = PBXSourcesBuildPhase;
			buildActionMask = 2147483647;
			files = (
				521559821C1041E500A05DF3 /* ZFCalendarTests.m in Sources */,
			);
			runOnlyForDeploymentPostprocessing = 0;
		};
		521559841C1041E500A05DF3 /* Sources */ = {
			isa = PBXSourcesBuildPhase;
			buildActionMask = 2147483647;
			files = (
				5215598D1C1041E500A05DF3 /* ZFCalendarUITests.m in Sources */,
			);
			runOnlyForDeploymentPostprocessing = 0;
		};
/* End PBXSourcesBuildPhase section */

/* Begin PBXTargetDependency section */
		5215597F1C1041E500A05DF3 /* PBXTargetDependency */ = {
			isa = PBXTargetDependency;
			target = 521559631C1041E500A05DF3 /* ZFCalendar */;
			targetProxy = 5215597E1C1041E500A05DF3 /* PBXContainerItemProxy */;
		};
		5215598A1C1041E500A05DF3 /* PBXTargetDependency */ = {
			isa = PBXTargetDependency;
			target = 521559631C1041E500A05DF3 /* ZFCalendar */;
			targetProxy = 521559891C1041E500A05DF3 /* PBXContainerItemProxy */;
		};
/* End PBXTargetDependency section */

/* Begin PBXVariantGroup section */
		521559701C1041E500A05DF3 /* Main.storyboard */ = {
			isa = PBXVariantGroup;
			children = (
				521559711C1041E500A05DF3 /* Base */,
			);
			name = Main.storyboard;
			sourceTree = "<group>";
		};
		521559751C1041E500A05DF3 /* LaunchScreen.storyboard */ = {
			isa = PBXVariantGroup;
			children = (
				521559761C1041E500A05DF3 /* Base */,
			);
			name = LaunchScreen.storyboard;
			sourceTree = "<group>";
		};
/* End PBXVariantGroup section */

/* Begin XCBuildConfiguration section */
		5215598F1C1041E500A05DF3 /* Debug */ = {
			isa = XCBuildConfiguration;
			buildSettings = {
				ALWAYS_SEARCH_USER_PATHS = NO;
				CLANG_CXX_LANGUAGE_STANDARD = "gnu++0x";
				CLANG_CXX_LIBRARY = "libc++";
				CLANG_ENABLE_MODULES = YES;
				CLANG_ENABLE_OBJC_ARC = YES;
				CLANG_WARN_BOOL_CONVERSION = YES;
				CLANG_WARN_CONSTANT_CONVERSION = YES;
				CLANG_WARN_DIRECT_OBJC_ISA_USAGE = YES_ERROR;
				CLANG_WARN_EMPTY_BODY = YES;
				CLANG_WARN_ENUM_CONVERSION = YES;
				CLANG_WARN_INT_CONVERSION = YES;
				CLANG_WARN_OBJC_ROOT_CLASS = YES_ERROR;
				CLANG_WARN_UNREACHABLE_CODE = YES;
				CLANG_WARN__DUPLICATE_METHOD_MATCH = YES;
				"CODE_SIGN_IDENTITY[sdk=iphoneos*]" = "iPhone Developer";
				COPY_PHASE_STRIP = NO;
				DEBUG_INFORMATION_FORMAT = dwarf;
				ENABLE_STRICT_OBJC_MSGSEND = YES;
				ENABLE_TESTABILITY = YES;
				GCC_C_LANGUAGE_STANDARD = gnu99;
				GCC_DYNAMIC_NO_PIC = NO;
				GCC_NO_COMMON_BLOCKS = YES;
				GCC_OPTIMIZATION_LEVEL = 0;
				GCC_PREPROCESSOR_DEFINITIONS = (
					"DEBUG=1",
					"$(inherited)",
				);
				GCC_WARN_64_TO_32_BIT_CONVERSION = YES;
				GCC_WARN_ABOUT_RETURN_TYPE = YES_ERROR;
				GCC_WARN_UNDECLARED_SELECTOR = YES;
				GCC_WARN_UNINITIALIZED_AUTOS = YES_AGGRESSIVE;
				GCC_WARN_UNUSED_FUNCTION = YES;
				GCC_WARN_UNUSED_VARIABLE = YES;
				IPHONEOS_DEPLOYMENT_TARGET = 9.1;
				MTL_ENABLE_DEBUG_INFO = YES;
				ONLY_ACTIVE_ARCH = YES;
				SDKROOT = iphoneos;
			};
			name = Debug;
		};
		521559901C1041E500A05DF3 /* Release */ = {
			isa = XCBuildConfiguration;
			buildSettings = {
				ALWAYS_SEARCH_USER_PATHS = NO;
				CLANG_CXX_LANGUAGE_STANDARD = "gnu++0x";
				CLANG_CXX_LIBRARY = "libc++";
				CLANG_ENABLE_MODULES = YES;
				CLANG_ENABLE_OBJC_ARC = YES;
				CLANG_WARN_BOOL_CONVERSION = YES;
				CLANG_WARN_CONSTANT_CONVERSION = YES;
				CLANG_WARN_DIRECT_OBJC_ISA_USAGE = YES_ERROR;
				CLANG_WARN_EMPTY_BODY = YES;
				CLANG_WARN_ENUM_CONVERSION = YES;
				CLANG_WARN_INT_CONVERSION = YES;
				CLANG_WARN_OBJC_ROOT_CLASS = YES_ERROR;
				CLANG_WARN_UNREACHABLE_CODE = YES;
				CLANG_WARN__DUPLICATE_METHOD_MATCH = YES;
				"CODE_SIGN_IDENTITY[sdk=iphoneos*]" = "iPhone Developer";
				COPY_PHASE_STRIP = NO;
				DEBUG_INFORMATION_FORMAT = "dwarf-with-dsym";
				ENABLE_NS_ASSERTIONS = NO;
				ENABLE_STRICT_OBJC_MSGSEND = YES;
				GCC_C_LANGUAGE_STANDARD = gnu99;
				GCC_NO_COMMON_BLOCKS = YES;
				GCC_WARN_64_TO_32_BIT_CONVERSION = YES;
				GCC_WARN_ABOUT_RETURN_TYPE = YES_ERROR;
				GCC_WARN_UNDECLARED_SELECTOR = YES;
				GCC_WARN_UNINITIALIZED_AUTOS = YES_AGGRESSIVE;
				GCC_WARN_UNUSED_FUNCTION = YES;
				GCC_WARN_UNUSED_VARIABLE = YES;
				IPHONEOS_DEPLOYMENT_TARGET = 9.1;
				MTL_ENABLE_DEBUG_INFO = NO;
				SDKROOT = iphoneos;
				VALIDATE_PRODUCT = YES;
			};
			name = Release;
		};
		521559921C1041E500A05DF3 /* Debug */ = {
			isa = XCBuildConfiguration;
			buildSettings = {
				ASSETCATALOG_COMPILER_APPICON_NAME = AppIcon;
				INFOPLIST_FILE = ZFCalendar/Info.plist;
				IPHONEOS_DEPLOYMENT_TARGET = 6.0;
				LD_RUNPATH_SEARCH_PATHS = "$(inherited) @executable_path/Frameworks";
				PRODUCT_BUNDLE_IDENTIFIER = com.zhangfan.ZFCalendar;
				PRODUCT_NAME = "$(TARGET_NAME)";
			};
			name = Debug;
		};
		521559931C1041E500A05DF3 /* Release */ = {
			isa = XCBuildConfiguration;
			buildSettings = {
				ASSETCATALOG_COMPILER_APPICON_NAME = AppIcon;
				INFOPLIST_FILE = ZFCalendar/Info.plist;
				IPHONEOS_DEPLOYMENT_TARGET = 6.0;
				LD_RUNPATH_SEARCH_PATHS = "$(inherited) @executable_path/Frameworks";
				PRODUCT_BUNDLE_IDENTIFIER = com.zhangfan.ZFCalendar;
				PRODUCT_NAME = "$(TARGET_NAME)";
			};
			name = Release;
		};
		521559951C1041E500A05DF3 /* Debug */ = {
			isa = XCBuildConfiguration;
			buildSettings = {
				BUNDLE_LOADER = "$(TEST_HOST)";
				INFOPLIST_FILE = ZFCalendarTests/Info.plist;
				LD_RUNPATH_SEARCH_PATHS = "$(inherited) @executable_path/Frameworks @loader_path/Frameworks";
				PRODUCT_BUNDLE_IDENTIFIER = com.zhangfan.ZFCalendarTests;
				PRODUCT_NAME = "$(TARGET_NAME)";
				TEST_HOST = "$(BUILT_PRODUCTS_DIR)/ZFCalendar.app/ZFCalendar";
			};
			name = Debug;
		};
		521559961C1041E500A05DF3 /* Release */ = {
			isa = XCBuildConfiguration;
			buildSettings = {
				BUNDLE_LOADER = "$(TEST_HOST)";
				INFOPLIST_FILE = ZFCalendarTests/Info.plist;
				LD_RUNPATH_SEARCH_PATHS = "$(inherited) @executable_path/Frameworks @loader_path/Frameworks";
				PRODUCT_BUNDLE_IDENTIFIER = com.zhangfan.ZFCalendarTests;
				PRODUCT_NAME = "$(TARGET_NAME)";
				TEST_HOST = "$(BUILT_PRODUCTS_DIR)/ZFCalendar.app/ZFCalendar";
			};
			name = Release;
		};
		521559981C1041E500A05DF3 /* Debug */ = {
			isa = XCBuildConfiguration;
			buildSettings = {
				INFOPLIST_FILE = ZFCalendarUITests/Info.plist;
				LD_RUNPATH_SEARCH_PATHS = "$(inherited) @executable_path/Frameworks @loader_path/Frameworks";
				PRODUCT_BUNDLE_IDENTIFIER = com.zhangfan.ZFCalendarUITests;
				PRODUCT_NAME = "$(TARGET_NAME)";
				TEST_TARGET_NAME = ZFCalendar;
				USES_XCTRUNNER = YES;
			};
			name = Debug;
		};
		521559991C1041E500A05DF3 /* Release */ = {
			isa = XCBuildConfiguration;
			buildSettings = {
				INFOPLIST_FILE = ZFCalendarUITests/Info.plist;
				LD_RUNPATH_SEARCH_PATHS = "$(inherited) @executable_path/Frameworks @loader_path/Frameworks";
				PRODUCT_BUNDLE_IDENTIFIER = com.zhangfan.ZFCalendarUITests;
				PRODUCT_NAME = "$(TARGET_NAME)";
				TEST_TARGET_NAME = ZFCalendar;
				USES_XCTRUNNER = YES;
			};
			name = Release;
		};
/* End XCBuildConfiguration section */

/* Begin XCConfigurationList section */
		5215595F1C1041E500A05DF3 /* Build configuration list for PBXProject "ZFCalendar" */ = {
			isa = XCConfigurationList;
			buildConfigurations = (
				5215598F1C1041E500A05DF3 /* Debug */,
				521559901C1041E500A05DF3 /* Release */,
			);
			defaultConfigurationIsVisible = 0;
			defaultConfigurationName = Release;
		};
		521559911C1041E500A05DF3 /* Build configuration list for PBXNativeTarget "ZFCalendar" */ = {
			isa = XCConfigurationList;
			buildConfigurations = (
				521559921C1041E500A05DF3 /* Debug */,
				521559931C1041E500A05DF3 /* Release */,
			);
			defaultConfigurationIsVisible = 0;
			defaultConfigurationName = Release;
		};
		521559941C1041E500A05DF3 /* Build configuration list for PBXNativeTarget "ZFCalendarTests" */ = {
			isa = XCConfigurationList;
			buildConfigurations = (
				521559951C1041E500A05DF3 /* Debug */,
				521559961C1041E500A05DF3 /* Release */,
			);
			defaultConfigurationIsVisible = 0;
			defaultConfigurationName = Release;
		};
		521559971C1041E500A05DF3 /* Build configuration list for PBXNativeTarget "ZFCalendarUITests" */ = {
			isa = XCConfigurationList;
			buildConfigurations = (
				521559981C1041E500A05DF3 /* Debug */,
				521559991C1041E500A05DF3 /* Release */,
			);
			defaultConfigurationIsVisible = 0;
			defaultConfigurationName = Release;
		};
/* End XCConfigurationList section */
	};
	rootObject = 5215595C1C1041E500A05DF3 /* Project object */;
}
